// !$*UTF8*$!
{
	archiveVersion = 1;
	classes = {
	};
	objectVersion = 54;
	objects = {

/* Begin PBXBuildFile section */
		09BE04308883F1E95CABE366 /* EventServiceTests.swift in Sources */ = {isa = PBXBuildFile; fileRef = 751A7F809D8618676B79BE1C /* EventServiceTests.swift */; };
		32CF993AFF5B43EABDDF2F4F /* RunOnTests.swift in Sources */ = {isa = PBXBuildFile; fileRef = 42F1C3F3838A866EE95D7811 /* RunOnTests.swift */; };
		3FC491EB6826528ED79E1758 /* Alamofire in Frameworks */ = {isa = PBXBuildFile; productRef = 7B5CC507A0ADFD1852AFD8A6 /* Alamofire */; };
		545FDE1DF417D3E66D73E416 /* EventRow.swift in Sources */ = {isa = PBXBuildFile; fileRef = BDB93E4AC1216C085DC912C3 /* EventRow.swift */; };
		63CAFC98D7BC144D01E0A265 /* RunOnUITestsLaunchTests.swift in Sources */ = {isa = PBXBuildFile; fileRef = 22CFDC3E8E49E684A220A066 /* RunOnUITestsLaunchTests.swift */; };
		653829E902870441715DD527 /* SearchViewModel.swift in Sources */ = {isa = PBXBuildFile; fileRef = 48E8DE5A65122D0AD9225E9F /* SearchViewModel.swift */; };
		69AB78546853EB6B251D244B /* APIClient.swift in Sources */ = {isa = PBXBuildFile; fileRef = 4CE0C2283332F0DED6CB67EC /* APIClient.swift */; };
		8FFC1478AEF2246A568D6393 /* EventService.swift in Sources */ = {isa = PBXBuildFile; fileRef = 6A2B27C7D34648396AFDBC72 /* EventService.swift */; };
		90749DD9A76DA6598BF12053 /* Preview Assets.xcassets in Resources */ = {isa = PBXBuildFile; fileRef = D65491B9A6E48CC5E6F2593F /* Preview Assets.xcassets */; };
		957E2CF136FCA93D04F5C9F1 /* EventsViewModel.swift in Sources */ = {isa = PBXBuildFile; fileRef = 5C63E6DD04DC44AE82A1A051 /* EventsViewModel.swift */; };
		9670635524A3D895894BA499 /* AuthenticationView.swift in Sources */ = {isa = PBXBuildFile; fileRef = 1E49802392CD764078E45D5C /* AuthenticationView.swift */; };
		99B3C158C7F97675BD3E5399 /* RunOnUITests.swift in Sources */ = {isa = PBXBuildFile; fileRef = 4EF18EAFDA8AF88C06E11326 /* RunOnUITests.swift */; };
		9E6FDF7D5547AF5837E77E86 /* RunOnApp.swift in Sources */ = {isa = PBXBuildFile; fileRef = 7B2474DA1946515FE948E8A4 /* RunOnApp.swift */; };
		C09DBE482E39BA7CA5ACD84A /* AuthenticationViewModel.swift in Sources */ = {isa = PBXBuildFile; fileRef = F40D77802026D5DDA5CA94A4 /* AuthenticationViewModel.swift */; };
		D22CEECB7744FDAC59003FF2 /* Assets.xcassets in Resources */ = {isa = PBXBuildFile; fileRef = 64E38C75F702AA301B6814BC /* Assets.xcassets */; };
		DA42F4095D6CD2F10C31B0A5 /* SearchViewModelTests.swift in Sources */ = {isa = PBXBuildFile; fileRef = F092304CF5D195F5E7EA10A9 /* SearchViewModelTests.swift */; };
		DABCDA2C32DEE9C28B7BEC35 /* GoogleSignInSwift in Frameworks */ = {isa = PBXBuildFile; productRef = CAB014B2E963FF9DE027B9AE /* GoogleSignInSwift */; };
		E08EAE444910F1FEB14C1500 /* SearchView.swift in Sources */ = {isa = PBXBuildFile; fileRef = 96540A2D35BCEEACFBF78B6C /* SearchView.swift */; };
		E181208C108A337C0666B1CA /* EventsView.swift in Sources */ = {isa = PBXBuildFile; fileRef = CCB07F47BF5C96D408D047E3 /* EventsView.swift */; };
		ED9EE8E4DC7BEAB70743DEE1 /* Event.swift in Sources */ = {isa = PBXBuildFile; fileRef = 1F415AF819B2A55460083927 /* Event.swift */; };
		F13E815CD91C0D529D4FF050 /* GoogleSignIn in Frameworks */ = {isa = PBXBuildFile; productRef = 1624FD27C27A12BABF30C96A /* GoogleSignIn */; };
		F1DD5F57036E157A039E0400 /* GoogleService-Info.plist in Resources */ = {isa = PBXBuildFile; fileRef = DBAEA30273A28B405B38A379 /* GoogleService-Info.plist */; };
		F491A0F68B0429DE24446D94 /* EventsViewModelTests.swift in Sources */ = {isa = PBXBuildFile; fileRef = 68718D20BF0F6876D958EA13 /* EventsViewModelTests.swift */; };
/* End PBXBuildFile section */

/* Begin PBXContainerItemProxy section */
		C936B887F8657A89C09322E8 /* PBXContainerItemProxy */ = {
			isa = PBXContainerItemProxy;
			containerPortal = 2A2F94D547D129565A4A52EA /* Project object */;
			proxyType = 1;
			remoteGlobalIDString = 70AE5F305421692B19B1C988;
			remoteInfo = RunOn;
		};
		DD389A93C1A62F081ED66BDE /* PBXContainerItemProxy */ = {
			isa = PBXContainerItemProxy;
			containerPortal = 2A2F94D547D129565A4A52EA /* Project object */;
			proxyType = 1;
			remoteGlobalIDString = 70AE5F305421692B19B1C988;
			remoteInfo = RunOn;
		};
/* End PBXContainerItemProxy section */

/* Begin PBXFileReference section */
		1C9B104726A50733BE3FDD78 /* Info.plist */ = {isa = PBXFileReference; lastKnownFileType = text.plist; path = Info.plist; sourceTree = "<group>"; };
		1E49802392CD764078E45D5C /* AuthenticationView.swift */ = {isa = PBXFileReference; lastKnownFileType = sourcecode.swift; path = AuthenticationView.swift; sourceTree = "<group>"; };
		1F415AF819B2A55460083927 /* Event.swift */ = {isa = PBXFileReference; lastKnownFileType = sourcecode.swift; path = Event.swift; sourceTree = "<group>"; };
		22CFDC3E8E49E684A220A066 /* RunOnUITestsLaunchTests.swift */ = {isa = PBXFileReference; lastKnownFileType = sourcecode.swift; path = RunOnUITestsLaunchTests.swift; sourceTree = "<group>"; };
		42F1C3F3838A866EE95D7811 /* RunOnTests.swift */ = {isa = PBXFileReference; lastKnownFileType = sourcecode.swift; path = RunOnTests.swift; sourceTree = "<group>"; };
		48E8DE5A65122D0AD9225E9F /* SearchViewModel.swift */ = {isa = PBXFileReference; lastKnownFileType = sourcecode.swift; path = SearchViewModel.swift; sourceTree = "<group>"; };
		4CE0C2283332F0DED6CB67EC /* APIClient.swift */ = {isa = PBXFileReference; lastKnownFileType = sourcecode.swift; path = APIClient.swift; sourceTree = "<group>"; };
		4EF18EAFDA8AF88C06E11326 /* RunOnUITests.swift */ = {isa = PBXFileReference; lastKnownFileType = sourcecode.swift; path = RunOnUITests.swift; sourceTree = "<group>"; };
		5C63E6DD04DC44AE82A1A051 /* EventsViewModel.swift */ = {isa = PBXFileReference; lastKnownFileType = sourcecode.swift; path = EventsViewModel.swift; sourceTree = "<group>"; };
		5CC08E5AC8BC7E69C4F3B647 /* RunOnUITests.xctest */ = {isa = PBXFileReference; includeInIndex = 0; lastKnownFileType = wrapper.cfbundle; path = RunOnUITests.xctest; sourceTree = BUILT_PRODUCTS_DIR; };
		64E38C75F702AA301B6814BC /* Assets.xcassets */ = {isa = PBXFileReference; lastKnownFileType = folder.assetcatalog; path = Assets.xcassets; sourceTree = "<group>"; };
		66F3D39B6F0A11B153D704BD /* RunOn.entitlements */ = {isa = PBXFileReference; lastKnownFileType = text.plist.entitlements; path = RunOn.entitlements; sourceTree = "<group>"; };
		68718D20BF0F6876D958EA13 /* EventsViewModelTests.swift */ = {isa = PBXFileReference; lastKnownFileType = sourcecode.swift; path = EventsViewModelTests.swift; sourceTree = "<group>"; };
		6A2B27C7D34648396AFDBC72 /* EventService.swift */ = {isa = PBXFileReference; lastKnownFileType = sourcecode.swift; path = EventService.swift; sourceTree = "<group>"; };
		751A7F809D8618676B79BE1C /* EventServiceTests.swift */ = {isa = PBXFileReference; lastKnownFileType = sourcecode.swift; path = EventServiceTests.swift; sourceTree = "<group>"; };
		7B2474DA1946515FE948E8A4 /* RunOnApp.swift */ = {isa = PBXFileReference; lastKnownFileType = sourcecode.swift; path = RunOnApp.swift; sourceTree = "<group>"; };
		96540A2D35BCEEACFBF78B6C /* SearchView.swift */ = {isa = PBXFileReference; lastKnownFileType = sourcecode.swift; path = SearchView.swift; sourceTree = "<group>"; };
		B1090F67EAAAEA12BCD0859F /* RunOn.app */ = {isa = PBXFileReference; includeInIndex = 0; lastKnownFileType = wrapper.application; path = RunOn.app; sourceTree = BUILT_PRODUCTS_DIR; };
		BA5167274995F5E0392338D6 /* RunOnTests.xctest */ = {isa = PBXFileReference; includeInIndex = 0; lastKnownFileType = wrapper.cfbundle; path = RunOnTests.xctest; sourceTree = BUILT_PRODUCTS_DIR; };
		BDB93E4AC1216C085DC912C3 /* EventRow.swift */ = {isa = PBXFileReference; lastKnownFileType = sourcecode.swift; path = EventRow.swift; sourceTree = "<group>"; };
		CCB07F47BF5C96D408D047E3 /* EventsView.swift */ = {isa = PBXFileReference; lastKnownFileType = sourcecode.swift; path = EventsView.swift; sourceTree = "<group>"; };
		D65491B9A6E48CC5E6F2593F /* Preview Assets.xcassets */ = {isa = PBXFileReference; lastKnownFileType = folder.assetcatalog; path = "Preview Assets.xcassets"; sourceTree = "<group>"; };
		DBAEA30273A28B405B38A379 /* GoogleService-Info.plist */ = {isa = PBXFileReference; lastKnownFileType = text.plist; path = "GoogleService-Info.plist"; sourceTree = "<group>"; };
		F092304CF5D195F5E7EA10A9 /* SearchViewModelTests.swift */ = {isa = PBXFileReference; lastKnownFileType = sourcecode.swift; path = SearchViewModelTests.swift; sourceTree = "<group>"; };
		F40D77802026D5DDA5CA94A4 /* AuthenticationViewModel.swift */ = {isa = PBXFileReference; lastKnownFileType = sourcecode.swift; path = AuthenticationViewModel.swift; sourceTree = "<group>"; };
/* End PBXFileReference section */

/* Begin PBXFrameworksBuildPhase section */
		6BFFF925C3F242F83202E8C3 /* Frameworks */ = {
			isa = PBXFrameworksBuildPhase;
			buildActionMask = 2147483647;
			files = (
				F13E815CD91C0D529D4FF050 /* GoogleSignIn in Frameworks */,
				DABCDA2C32DEE9C28B7BEC35 /* GoogleSignInSwift in Frameworks */,
				3FC491EB6826528ED79E1758 /* Alamofire in Frameworks */,
			);
			runOnlyForDeploymentPostprocessing = 0;
		};
/* End PBXFrameworksBuildPhase section */

/* Begin PBXGroup section */
		081BC49E0024FEF091A852A6 /* Products */ = {
			isa = PBXGroup;
			children = (
				B1090F67EAAAEA12BCD0859F /* RunOn.app */,
				BA5167274995F5E0392338D6 /* RunOnTests.xctest */,
				5CC08E5AC8BC7E69C4F3B647 /* RunOnUITests.xctest */,
			);
			name = Products;
			sourceTree = "<group>";
		};
		2419A5B3967A9D8460BCA1E5 /* Features */ = {
			isa = PBXGroup;
			children = (
				64B7AE64D3C186F88A1BA09A /* Authentication */,
				D697E2E77DF51170D9BFB6E3 /* Events */,
				9B0D78CAE43328B614FE2357 /* Search */,
			);
			path = Features;
			sourceTree = "<group>";
		};
		31D1D5C7D42615587F9D1E32 /* Preview Content */ = {
			isa = PBXGroup;
			children = (
				D65491B9A6E48CC5E6F2593F /* Preview Assets.xcassets */,
			);
			path = "Preview Content";
			sourceTree = "<group>";
		};
		52ED0951CF29C89C80EC8B6F = {
			isa = PBXGroup;
			children = (
				9F2A3E15A7D202B2FFF28B22 /* RunOn */,
				EABB2B1207DEC825820DC1C2 /* RunOnTests */,
				DF22AF9106B8984A878BEAA0 /* RunOnUITests */,
				081BC49E0024FEF091A852A6 /* Products */,
			);
			sourceTree = "<group>";
		};
		618B9D542CFA87FFCF2E45DB /* Core */ = {
			isa = PBXGroup;
			children = (
				6C4E166E78556012E455087F /* Models */,
				A84822107CF66D405059BCA6 /* Network */,
				ECA4F188A2C3B3FF7ED4E9BA /* Services */,
				A2EB563214114B2A80F52CAB /* Views */,
			);
			path = Core;
			sourceTree = "<group>";
		};
		64B7AE64D3C186F88A1BA09A /* Authentication */ = {
			isa = PBXGroup;
			children = (
				1E49802392CD764078E45D5C /* AuthenticationView.swift */,
				F40D77802026D5DDA5CA94A4 /* AuthenticationViewModel.swift */,
			);
			path = Authentication;
			sourceTree = "<group>";
		};
		6C4E166E78556012E455087F /* Models */ = {
			isa = PBXGroup;
			children = (
				1F415AF819B2A55460083927 /* Event.swift */,
			);
			path = Models;
			sourceTree = "<group>";
		};
		9B0D78CAE43328B614FE2357 /* Search */ = {
			isa = PBXGroup;
			children = (
				96540A2D35BCEEACFBF78B6C /* SearchView.swift */,
				48E8DE5A65122D0AD9225E9F /* SearchViewModel.swift */,
			);
			path = Search;
			sourceTree = "<group>";
		};
		9F2A3E15A7D202B2FFF28B22 /* RunOn */ = {
			isa = PBXGroup;
			children = (
				64E38C75F702AA301B6814BC /* Assets.xcassets */,
				DBAEA30273A28B405B38A379 /* GoogleService-Info.plist */,
				1C9B104726A50733BE3FDD78 /* Info.plist */,
				66F3D39B6F0A11B153D704BD /* RunOn.entitlements */,
				F4ADDAFCBD95D68A0A855062 /* App */,
				618B9D542CFA87FFCF2E45DB /* Core */,
				2419A5B3967A9D8460BCA1E5 /* Features */,
				31D1D5C7D42615587F9D1E32 /* Preview Content */,
			);
			path = RunOn;
			sourceTree = "<group>";
		};
		A2EB563214114B2A80F52CAB /* Views */ = {
			isa = PBXGroup;
			children = (
				BDB93E4AC1216C085DC912C3 /* EventRow.swift */,
			);
			path = Views;
			sourceTree = "<group>";
		};
		A84822107CF66D405059BCA6 /* Network */ = {
			isa = PBXGroup;
			children = (
				4CE0C2283332F0DED6CB67EC /* APIClient.swift */,
			);
			path = Network;
			sourceTree = "<group>";
		};
		D697E2E77DF51170D9BFB6E3 /* Events */ = {
			isa = PBXGroup;
			children = (
				CCB07F47BF5C96D408D047E3 /* EventsView.swift */,
				5C63E6DD04DC44AE82A1A051 /* EventsViewModel.swift */,
			);
			path = Events;
			sourceTree = "<group>";
		};
		DF22AF9106B8984A878BEAA0 /* RunOnUITests */ = {
			isa = PBXGroup;
			children = (
				4EF18EAFDA8AF88C06E11326 /* RunOnUITests.swift */,
				22CFDC3E8E49E684A220A066 /* RunOnUITestsLaunchTests.swift */,
			);
			path = RunOnUITests;
			sourceTree = "<group>";
		};
		EABB2B1207DEC825820DC1C2 /* RunOnTests */ = {
			isa = PBXGroup;
			children = (
				751A7F809D8618676B79BE1C /* EventServiceTests.swift */,
				68718D20BF0F6876D958EA13 /* EventsViewModelTests.swift */,
				42F1C3F3838A866EE95D7811 /* RunOnTests.swift */,
				F092304CF5D195F5E7EA10A9 /* SearchViewModelTests.swift */,
			);
			path = RunOnTests;
			sourceTree = "<group>";
		};
		ECA4F188A2C3B3FF7ED4E9BA /* Services */ = {
			isa = PBXGroup;
			children = (
				6A2B27C7D34648396AFDBC72 /* EventService.swift */,
			);
			path = Services;
			sourceTree = "<group>";
		};
		F4ADDAFCBD95D68A0A855062 /* App */ = {
			isa = PBXGroup;
			children = (
				7B2474DA1946515FE948E8A4 /* RunOnApp.swift */,
			);
			path = App;
			sourceTree = "<group>";
		};
/* End PBXGroup section */

/* Begin PBXNativeTarget section */
		5449A31249442EB259D40B65 /* RunOnTests */ = {
			isa = PBXNativeTarget;
			buildConfigurationList = F60D47482B101D0419DD4CD6 /* Build configuration list for PBXNativeTarget "RunOnTests" */;
			buildPhases = (
				D0E5F535DD19CAA0FF01C396 /* Sources */,
			);
			buildRules = (
			);
			dependencies = (
				4AA3D8D84C6E864DF35229BB /* PBXTargetDependency */,
			);
			name = RunOnTests;
			productName = RunOnTests;
			productReference = BA5167274995F5E0392338D6 /* RunOnTests.xctest */;
			productType = "com.apple.product-type.bundle.unit-test";
		};
		70AE5F305421692B19B1C988 /* RunOn */ = {
			isa = PBXNativeTarget;
			buildConfigurationList = 0E2E321E330ECDA6035CE387 /* Build configuration list for PBXNativeTarget "RunOn" */;
			buildPhases = (
				F5CB722E3D329D23C48FAE64 /* Sources */,
				FDE557040D984FAC72A86B51 /* Resources */,
				6BFFF925C3F242F83202E8C3 /* Frameworks */,
			);
			buildRules = (
			);
			dependencies = (
			);
			name = RunOn;
			packageProductDependencies = (
				1624FD27C27A12BABF30C96A /* GoogleSignIn */,
				CAB014B2E963FF9DE027B9AE /* GoogleSignInSwift */,
				7B5CC507A0ADFD1852AFD8A6 /* Alamofire */,
			);
			productName = RunOn;
			productReference = B1090F67EAAAEA12BCD0859F /* RunOn.app */;
			productType = "com.apple.product-type.application";
		};
		DD64858F999EF65E28339C87 /* RunOnUITests */ = {
			isa = PBXNativeTarget;
			buildConfigurationList = 529813CAD1C9FCDC6D98F9BA /* Build configuration list for PBXNativeTarget "RunOnUITests" */;
			buildPhases = (
				4AB1E671E586FDE91384C251 /* Sources */,
			);
			buildRules = (
			);
			dependencies = (
				C33A66157F9FE8F0CE495C17 /* PBXTargetDependency */,
			);
			name = RunOnUITests;
			productName = RunOnUITests;
			productReference = 5CC08E5AC8BC7E69C4F3B647 /* RunOnUITests.xctest */;
			productType = "com.apple.product-type.bundle.ui-testing";
		};
/* End PBXNativeTarget section */

/* Begin PBXProject section */
		2A2F94D547D129565A4A52EA /* Project object */ = {
			isa = PBXProject;
			attributes = {
				BuildIndependentTargetsInParallel = YES;
				LastUpgradeCheck = 1430;
				TargetAttributes = {
					70AE5F305421692B19B1C988 = {
						DevelopmentTeam = "";
						ProvisioningStyle = Manual;
					};
					DD64858F999EF65E28339C87 = {
						TestTargetID = 70AE5F305421692B19B1C988;
					};
				};
			};
			buildConfigurationList = BD82FC78A0F3CE01B79624E9 /* Build configuration list for PBXProject "RunOn" */;
			compatibilityVersion = "Xcode 14.0";
			developmentRegion = en;
			hasScannedForEncodings = 0;
			knownRegions = (
				Base,
				en,
			);
			mainGroup = 52ED0951CF29C89C80EC8B6F;
			packageReferences = (
				79137104C30B2CCA59089B5D /* XCRemoteSwiftPackageReference "Alamofire" */,
				F2F11B1C2195DB2E6CCF672C /* XCRemoteSwiftPackageReference "GoogleSignIn-iOS" */,
			);
			projectDirPath = "";
			projectRoot = "";
			targets = (
				70AE5F305421692B19B1C988 /* RunOn */,
				5449A31249442EB259D40B65 /* RunOnTests */,
				DD64858F999EF65E28339C87 /* RunOnUITests */,
			);
		};
/* End PBXProject section */

/* Begin PBXResourcesBuildPhase section */
		FDE557040D984FAC72A86B51 /* Resources */ = {
			isa = PBXResourcesBuildPhase;
			buildActionMask = 2147483647;
			files = (
				D22CEECB7744FDAC59003FF2 /* Assets.xcassets in Resources */,
				F1DD5F57036E157A039E0400 /* GoogleService-Info.plist in Resources */,
				90749DD9A76DA6598BF12053 /* Preview Assets.xcassets in Resources */,
			);
			runOnlyForDeploymentPostprocessing = 0;
		};
/* End PBXResourcesBuildPhase section */

/* Begin PBXSourcesBuildPhase section */
		4AB1E671E586FDE91384C251 /* Sources */ = {
			isa = PBXSourcesBuildPhase;
			buildActionMask = 2147483647;
			files = (
				99B3C158C7F97675BD3E5399 /* RunOnUITests.swift in Sources */,
				63CAFC98D7BC144D01E0A265 /* RunOnUITestsLaunchTests.swift in Sources */,
			);
			runOnlyForDeploymentPostprocessing = 0;
		};
		D0E5F535DD19CAA0FF01C396 /* Sources */ = {
			isa = PBXSourcesBuildPhase;
			buildActionMask = 2147483647;
			files = (
				09BE04308883F1E95CABE366 /* EventServiceTests.swift in Sources */,
				F491A0F68B0429DE24446D94 /* EventsViewModelTests.swift in Sources */,
				32CF993AFF5B43EABDDF2F4F /* RunOnTests.swift in Sources */,
				DA42F4095D6CD2F10C31B0A5 /* SearchViewModelTests.swift in Sources */,
			);
			runOnlyForDeploymentPostprocessing = 0;
		};
		F5CB722E3D329D23C48FAE64 /* Sources */ = {
			isa = PBXSourcesBuildPhase;
			buildActionMask = 2147483647;
			files = (
				69AB78546853EB6B251D244B /* APIClient.swift in Sources */,
				9670635524A3D895894BA499 /* AuthenticationView.swift in Sources */,
				C09DBE482E39BA7CA5ACD84A /* AuthenticationViewModel.swift in Sources */,
				ED9EE8E4DC7BEAB70743DEE1 /* Event.swift in Sources */,
				545FDE1DF417D3E66D73E416 /* EventRow.swift in Sources */,
				8FFC1478AEF2246A568D6393 /* EventService.swift in Sources */,
				E181208C108A337C0666B1CA /* EventsView.swift in Sources */,
				957E2CF136FCA93D04F5C9F1 /* EventsViewModel.swift in Sources */,
				9E6FDF7D5547AF5837E77E86 /* RunOnApp.swift in Sources */,
				E08EAE444910F1FEB14C1500 /* SearchView.swift in Sources */,
				653829E902870441715DD527 /* SearchViewModel.swift in Sources */,
			);
			runOnlyForDeploymentPostprocessing = 0;
		};
/* End PBXSourcesBuildPhase section */

/* Begin PBXTargetDependency section */
		4AA3D8D84C6E864DF35229BB /* PBXTargetDependency */ = {
			isa = PBXTargetDependency;
			target = 70AE5F305421692B19B1C988 /* RunOn */;
			targetProxy = C936B887F8657A89C09322E8 /* PBXContainerItemProxy */;
		};
		C33A66157F9FE8F0CE495C17 /* PBXTargetDependency */ = {
			isa = PBXTargetDependency;
			target = 70AE5F305421692B19B1C988 /* RunOn */;
			targetProxy = DD389A93C1A62F081ED66BDE /* PBXContainerItemProxy */;
		};
/* End PBXTargetDependency section */

/* Begin XCBuildConfiguration section */
		216F74065E107F8A88CAEACA /* Release */ = {
			isa = XCBuildConfiguration;
			buildSettings = {
				ASSETCATALOG_COMPILER_APPICON_NAME = AppIcon;
				CODE_SIGN_IDENTITY = "";
				CODE_SIGN_STYLE = Manual;
				DEVELOPMENT_TEAM = "";
				INFOPLIST_FILE = RunOn/Info.plist;
				LD_RUNPATH_SEARCH_PATHS = (
					"$(inherited)",
					"@executable_path/Frameworks",
				);
				PRODUCT_BUNDLE_IDENTIFIER = com.flexrpl.RunOn;
				PROVISIONING_PROFILE_SPECIFIER = "";
				RUNON_CLIENT_ID = "582143338826-calcgiscsuuaf25u84lvm9d5g07kg1e6.apps.googleusercontent.com";
				SDKROOT = iphoneos;
				TARGETED_DEVICE_FAMILY = "1,2";
			};
			name = Release;
		};
		315803399C151DA2F36F4ACC /* Release */ = {
			isa = XCBuildConfiguration;
			buildSettings = {
				BUNDLE_LOADER = "$(TEST_HOST)";
				LD_RUNPATH_SEARCH_PATHS = (
					"$(inherited)",
					"@executable_path/Frameworks",
					"@loader_path/Frameworks",
				);
				PRODUCT_BUNDLE_IDENTIFIER = com.flexrpl.RunOnTests;
				SDKROOT = iphoneos;
				TARGETED_DEVICE_FAMILY = "1,2";
				TEST_HOST = "$(BUILT_PRODUCTS_DIR)/RunOn.app/RunOn";
			};
			name = Release;
		};
		3B3202D0A83FC5686E526BCB /* Release */ = {
			isa = XCBuildConfiguration;
			buildSettings = {
				ALWAYS_SEARCH_USER_PATHS = NO;
				CLANG_ANALYZER_NONNULL = YES;
				CLANG_ANALYZER_NUMBER_OBJECT_CONVERSION = YES_AGGRESSIVE;
				CLANG_CXX_LANGUAGE_STANDARD = "gnu++14";
				CLANG_CXX_LIBRARY = "libc++";
				CLANG_ENABLE_MODULES = YES;
				CLANG_ENABLE_OBJC_ARC = YES;
				CLANG_ENABLE_OBJC_WEAK = YES;
				CLANG_WARN_BLOCK_CAPTURE_AUTORELEASING = YES;
				CLANG_WARN_BOOL_CONVERSION = YES;
				CLANG_WARN_COMMA = YES;
				CLANG_WARN_CONSTANT_CONVERSION = YES;
				CLANG_WARN_DEPRECATED_OBJC_IMPLEMENTATIONS = YES;
				CLANG_WARN_DIRECT_OBJC_ISA_USAGE = YES_ERROR;
				CLANG_WARN_DOCUMENTATION_COMMENTS = YES;
				CLANG_WARN_EMPTY_BODY = YES;
				CLANG_WARN_ENUM_CONVERSION = YES;
				CLANG_WARN_INFINITE_RECURSION = YES;
				CLANG_WARN_INT_CONVERSION = YES;
				CLANG_WARN_NON_LITERAL_NULL_CONVERSION = YES;
				CLANG_WARN_OBJC_IMPLICIT_RETAIN_SELF = YES;
				CLANG_WARN_OBJC_LITERAL_CONVERSION = YES;
				CLANG_WARN_OBJC_ROOT_CLASS = YES_ERROR;
				CLANG_WARN_QUOTED_INCLUDE_IN_FRAMEWORK_HEADER = YES;
				CLANG_WARN_RANGE_LOOP_ANALYSIS = YES;
				CLANG_WARN_STRICT_PROTOTYPES = YES;
				CLANG_WARN_SUSPICIOUS_MOVE = YES;
				CLANG_WARN_UNGUARDED_AVAILABILITY = YES_AGGRESSIVE;
				CLANG_WARN_UNREACHABLE_CODE = YES;
				CLANG_WARN__DUPLICATE_METHOD_MATCH = YES;
				COPY_PHASE_STRIP = NO;
				DEBUG_INFORMATION_FORMAT = "dwarf-with-dsym";
				ENABLE_NS_ASSERTIONS = NO;
				ENABLE_STRICT_OBJC_MSGSEND = YES;
				GCC_C_LANGUAGE_STANDARD = gnu11;
				GCC_NO_COMMON_BLOCKS = YES;
				GCC_WARN_64_TO_32_BIT_CONVERSION = YES;
				GCC_WARN_ABOUT_RETURN_TYPE = YES_ERROR;
				GCC_WARN_UNDECLARED_SELECTOR = YES;
				GCC_WARN_UNINITIALIZED_AUTOS = YES_AGGRESSIVE;
				GCC_WARN_UNUSED_FUNCTION = YES;
				GCC_WARN_UNUSED_VARIABLE = YES;
				IPHONEOS_DEPLOYMENT_TARGET = 17.0;
				MTL_ENABLE_DEBUG_INFO = NO;
				MTL_FAST_MATH = YES;
				PRODUCT_NAME = "$(TARGET_NAME)";
				SDKROOT = iphoneos;
				SWIFT_COMPILATION_MODE = wholemodule;
				SWIFT_OPTIMIZATION_LEVEL = "-O";
				SWIFT_VERSION = 5.0;
			};
			name = Release;
		};
		9388BB83C57CCA96EC7AC59E /* Debug */ = {
			isa = XCBuildConfiguration;
			buildSettings = {
				ALWAYS_SEARCH_USER_PATHS = NO;
				CLANG_ANALYZER_NONNULL = YES;
				CLANG_ANALYZER_NUMBER_OBJECT_CONVERSION = YES_AGGRESSIVE;
				CLANG_CXX_LANGUAGE_STANDARD = "gnu++14";
				CLANG_CXX_LIBRARY = "libc++";
				CLANG_ENABLE_MODULES = YES;
				CLANG_ENABLE_OBJC_ARC = YES;
				CLANG_ENABLE_OBJC_WEAK = YES;
				CLANG_WARN_BLOCK_CAPTURE_AUTORELEASING = YES;
				CLANG_WARN_BOOL_CONVERSION = YES;
				CLANG_WARN_COMMA = YES;
				CLANG_WARN_CONSTANT_CONVERSION = YES;
				CLANG_WARN_DEPRECATED_OBJC_IMPLEMENTATIONS = YES;
				CLANG_WARN_DIRECT_OBJC_ISA_USAGE = YES_ERROR;
				CLANG_WARN_DOCUMENTATION_COMMENTS = YES;
				CLANG_WARN_EMPTY_BODY = YES;
				CLANG_WARN_ENUM_CONVERSION = YES;
				CLANG_WARN_INFINITE_RECURSION = YES;
				CLANG_WARN_INT_CONVERSION = YES;
				CLANG_WARN_NON_LITERAL_NULL_CONVERSION = YES;
				CLANG_WARN_OBJC_IMPLICIT_RETAIN_SELF = YES;
				CLANG_WARN_OBJC_LITERAL_CONVERSION = YES;
				CLANG_WARN_OBJC_ROOT_CLASS = YES_ERROR;
				CLANG_WARN_QUOTED_INCLUDE_IN_FRAMEWORK_HEADER = YES;
				CLANG_WARN_RANGE_LOOP_ANALYSIS = YES;
				CLANG_WARN_STRICT_PROTOTYPES = YES;
				CLANG_WARN_SUSPICIOUS_MOVE = YES;
				CLANG_WARN_UNGUARDED_AVAILABILITY = YES_AGGRESSIVE;
				CLANG_WARN_UNREACHABLE_CODE = YES;
				CLANG_WARN__DUPLICATE_METHOD_MATCH = YES;
				COPY_PHASE_STRIP = NO;
				DEBUG_INFORMATION_FORMAT = dwarf;
				ENABLE_STRICT_OBJC_MSGSEND = YES;
				ENABLE_TESTABILITY = YES;
				GCC_C_LANGUAGE_STANDARD = gnu11;
				GCC_DYNAMIC_NO_PIC = NO;
				GCC_NO_COMMON_BLOCKS = YES;
				GCC_OPTIMIZATION_LEVEL = 0;
				GCC_PREPROCESSOR_DEFINITIONS = (
					"$(inherited)",
					"DEBUG=1",
				);
				GCC_WARN_64_TO_32_BIT_CONVERSION = YES;
				GCC_WARN_ABOUT_RETURN_TYPE = YES_ERROR;
				GCC_WARN_UNDECLARED_SELECTOR = YES;
				GCC_WARN_UNINITIALIZED_AUTOS = YES_AGGRESSIVE;
				GCC_WARN_UNUSED_FUNCTION = YES;
				GCC_WARN_UNUSED_VARIABLE = YES;
				IPHONEOS_DEPLOYMENT_TARGET = 17.0;
				MTL_ENABLE_DEBUG_INFO = INCLUDE_SOURCE;
				MTL_FAST_MATH = YES;
				ONLY_ACTIVE_ARCH = YES;
				PRODUCT_NAME = "$(TARGET_NAME)";
				SDKROOT = iphoneos;
				SWIFT_ACTIVE_COMPILATION_CONDITIONS = DEBUG;
				SWIFT_OPTIMIZATION_LEVEL = "-Onone";
				SWIFT_VERSION = 5.0;
			};
			name = Debug;
		};
		B101523ADA2A67A3359F5D06 /* Release */ = {
			isa = XCBuildConfiguration;
			buildSettings = {
				BUNDLE_LOADER = "$(TEST_HOST)";
				LD_RUNPATH_SEARCH_PATHS = (
					"$(inherited)",
					"@executable_path/Frameworks",
					"@loader_path/Frameworks",
				);
				PRODUCT_BUNDLE_IDENTIFIER = com.flexrpl.RunOnUITests;
				SDKROOT = iphoneos;
				TARGETED_DEVICE_FAMILY = "1,2";
				TEST_TARGET_NAME = RunOn;
			};
			name = Release;
		};
		B928F1B45BB3D1F76107ED3C /* Debug */ = {
			isa = XCBuildConfiguration;
			buildSettings = {
				BUNDLE_LOADER = "$(TEST_HOST)";
				LD_RUNPATH_SEARCH_PATHS = (
					"$(inherited)",
					"@executable_path/Frameworks",
					"@loader_path/Frameworks",
				);
				PRODUCT_BUNDLE_IDENTIFIER = com.flexrpl.RunOnTests;
				SDKROOT = iphoneos;
				TARGETED_DEVICE_FAMILY = "1,2";
				TEST_HOST = "$(BUILT_PRODUCTS_DIR)/RunOn.app/RunOn";
			};
			name = Debug;
		};
		CE90174B0CFFF747B8FA1115 /* Debug */ = {
			isa = XCBuildConfiguration;
			buildSettings = {
				BUNDLE_LOADER = "$(TEST_HOST)";
				LD_RUNPATH_SEARCH_PATHS = (
					"$(inherited)",
					"@executable_path/Frameworks",
					"@loader_path/Frameworks",
				);
				PRODUCT_BUNDLE_IDENTIFIER = com.flexrpl.RunOnUITests;
				SDKROOT = iphoneos;
				TARGETED_DEVICE_FAMILY = "1,2";
				TEST_TARGET_NAME = RunOn;
			};
			name = Debug;
		};
		FD7464D1A427369101F417D4 /* Debug */ = {
			isa = XCBuildConfiguration;
			buildSettings = {
				ASSETCATALOG_COMPILER_APPICON_NAME = AppIcon;
				CODE_SIGN_IDENTITY = "";
				CODE_SIGN_STYLE = Manual;
				DEVELOPMENT_TEAM = "";
				INFOPLIST_FILE = RunOn/Info.plist;
				LD_RUNPATH_SEARCH_PATHS = (
					"$(inherited)",
					"@executable_path/Frameworks",
				);
				PRODUCT_BUNDLE_IDENTIFIER = com.flexrpl.RunOn;
				PROVISIONING_PROFILE_SPECIFIER = "";
				RUNON_CLIENT_ID = "582143338826-calcgiscsuuaf25u84lvm9d5g07kg1e6.apps.googleusercontent.com";
				SDKROOT = iphoneos;
				TARGETED_DEVICE_FAMILY = "1,2";
			};
			name = Debug;
		};
/* End XCBuildConfiguration section */

/* Begin XCConfigurationList section */
		0E2E321E330ECDA6035CE387 /* Build configuration list for PBXNativeTarget "RunOn" */ = {
			isa = XCConfigurationList;
			buildConfigurations = (
				FD7464D1A427369101F417D4 /* Debug */,
				216F74065E107F8A88CAEACA /* Release */,
			);
			defaultConfigurationIsVisible = 0;
			defaultConfigurationName = Debug;
		};
		529813CAD1C9FCDC6D98F9BA /* Build configuration list for PBXNativeTarget "RunOnUITests" */ = {
			isa = XCConfigurationList;
			buildConfigurations = (
				CE90174B0CFFF747B8FA1115 /* Debug */,
				B101523ADA2A67A3359F5D06 /* Release */,
			);
			defaultConfigurationIsVisible = 0;
			defaultConfigurationName = Debug;
		};
		BD82FC78A0F3CE01B79624E9 /* Build configuration list for PBXProject "RunOn" */ = {
			isa = XCConfigurationList;
			buildConfigurations = (
				9388BB83C57CCA96EC7AC59E /* Debug */,
				3B3202D0A83FC5686E526BCB /* Release */,
			);
			defaultConfigurationIsVisible = 0;
			defaultConfigurationName = Debug;
		};
		F60D47482B101D0419DD4CD6 /* Build configuration list for PBXNativeTarget "RunOnTests" */ = {
			isa = XCConfigurationList;
			buildConfigurations = (
				B928F1B45BB3D1F76107ED3C /* Debug */,
				315803399C151DA2F36F4ACC /* Release */,
			);
			defaultConfigurationIsVisible = 0;
			defaultConfigurationName = Debug;
		};
/* End XCConfigurationList section */

/* Begin XCRemoteSwiftPackageReference section */
		79137104C30B2CCA59089B5D /* XCRemoteSwiftPackageReference "Alamofire" */ = {
			isa = XCRemoteSwiftPackageReference;
			repositoryURL = "https://github.com/Alamofire/Alamofire";
			requirement = {
				kind = upToNextMajorVersion;
				minimumVersion = 5.10.2;
			};
		};
		F2F11B1C2195DB2E6CCF672C /* XCRemoteSwiftPackageReference "GoogleSignIn-iOS" */ = {
			isa = XCRemoteSwiftPackageReference;
			repositoryURL = "https://github.com/google/GoogleSignIn-iOS";
			requirement = {
				kind = upToNextMajorVersion;
				minimumVersion = 8.0.0;
			};
		};
/* End XCRemoteSwiftPackageReference section */

/* Begin XCSwiftPackageProductDependency section */
		1624FD27C27A12BABF30C96A /* GoogleSignIn */ = {
			isa = XCSwiftPackageProductDependency;
			package = F2F11B1C2195DB2E6CCF672C /* XCRemoteSwiftPackageReference "GoogleSignIn-iOS" */;
			productName = GoogleSignIn;
		};
		7B5CC507A0ADFD1852AFD8A6 /* Alamofire */ = {
			isa = XCSwiftPackageProductDependency;
			package = 79137104C30B2CCA59089B5D /* XCRemoteSwiftPackageReference "Alamofire" */;
			productName = Alamofire;
		};
		CAB014B2E963FF9DE027B9AE /* GoogleSignInSwift */ = {
			isa = XCSwiftPackageProductDependency;
			package = F2F11B1C2195DB2E6CCF672C /* XCRemoteSwiftPackageReference "GoogleSignIn-iOS" */;
			productName = GoogleSignInSwift;
		};
/* End XCSwiftPackageProductDependency section */
	};
	rootObject = 2A2F94D547D129565A4A52EA /* Project object */;
}
